{
  "name": "Telefon Rehberi Örneği",
  "lockfileVersion": 2,
  "requires": true,
  "packages": {
    "": {
      "dependencies": {
        "create": "^0.0.2"
      }
    },
    "node_modules/create": {
      "version": "0.0.2",
      "resolved": "https://registry.npmjs.org/create/-/create-0.0.2.tgz",
      "integrity": "sha1-oBZ0etTmMdKpfefj5eod3MYYiSs=",
      "engines": {
        "node": ">= 0.4.0 && < 0.7.0"
      }
    }
  },
  "dependencies": {
    "create": {
      "version": "0.0.2",
      "resolved": "https://registry.npmjs.org/create/-/create-0.0.2.tgz",
      "integrity": "sha1-oBZ0etTmMdKpfefj5eod3MYYiSs="
    }
  }
}
